{
  "nodes": {
    "nixpkgs": {
      "locked": {
        "lastModified": 1622516815,
        "narHash": "sha256-ZjBd81a6J3TwtlBr3rHsZspYUwT9OdhDk+a/SgSEf7I=",
        "owner": "NixOS",
        "repo": "nixpkgs",
        "rev": "7e9b0dff974c89e070da1ad85713ff3c20b0ca97",
        "type": "github"
      },
      "original": {
        "owner": "NixOS",
        "ref": "21.05",
        "repo": "nixpkgs",
        "type": "github"
      }
    },
    "root": {
      "inputs": {
        "nixpkgs": "nixpkgs",
        "utils": "utils"
      }
    },
    "utils": {
      "locked": {
        "lastModified": 1652372896,
        "narHash": "sha256-lURGussfF3mGrFPQT3zgW7+RC0pBhbHzco0C7I+ilow=",
        "owner": "numtide",
        "repo": "flake-utils",
        "rev": "0d347c56f6f41de822a4f4c7ff5072f3382db121",
        "type": "github"
      },
      "original": {
        "owner": "numtide",
        "repo": "flake-utils",
        "type": "github"
      }
    }
  },
  "root": "root",
  "version": 7
}
